# This file is automatically @generated by Cargo.
# It is not intended for manual editing.
version = 3

[[package]]
name = "aho-corasick"
version = "1.1.3"
source = "registry+https://github.com/rust-lang/crates.io-index"
checksum = "8e60d3430d3a69478ad0993f19238d2df97c507009a52b3c10addcd7f6bcb916"
dependencies = [
 "memchr",
]

[[package]]
name = "cfg-if"
version = "1.0.0"
source = "registry+https://github.com/rust-lang/crates.io-index"
checksum = "baf1de4339761588bc0619e3cbc0120ee582ebb74b53b4efbf79117bd2da40fd"

[[package]]
name = "gdextension-api"
version = "0.1.0"
source = "git+https://github.com/godot-rust/godot4-prebuilt?branch=releases#e3c0d8d397a593aa23da4a19b535c959754f3604"

[[package]]
name = "gensym"
version = "0.1.1"
source = "registry+https://github.com/rust-lang/crates.io-index"
checksum = "913dce4c5f06c2ea40fc178c06f777ac89fc6b1383e90c254fafb1abe4ba3c82"
dependencies = [
 "proc-macro2",
 "quote",
 "syn",
 "uuid",
]

[[package]]
name = "getrandom"
version = "0.2.15"
source = "registry+https://github.com/rust-lang/crates.io-index"
checksum = "c4567c8db10ae91089c99af84c68c38da3ec2f087c3f82960bcdbf3656b6f4d7"
dependencies = [
 "cfg-if",
 "libc",
 "wasi",
]

[[package]]
name = "glam"
version = "0.27.0"
source = "registry+https://github.com/rust-lang/crates.io-index"
checksum = "9e05e7e6723e3455f4818c7b26e855439f7546cf617ef669d1adedb8669e5cb9"

[[package]]
name = "godot"
version = "0.1.2"
source = "git+https://github.com/godot-rust/gdext?branch=master#62830ca6d1beea4a5bd1c90c1b33a7828fe089b7"
dependencies = [
 "godot-core",
 "godot-macros",
]

[[package]]
name = "godot-bindings"
version = "0.1.2"
source = "git+https://github.com/godot-rust/gdext?branch=master#62830ca6d1beea4a5bd1c90c1b33a7828fe089b7"
dependencies = [
 "gdextension-api",
]

[[package]]
name = "godot-cell"
version = "0.1.2"
source = "git+https://github.com/godot-rust/gdext?branch=master#62830ca6d1beea4a5bd1c90c1b33a7828fe089b7"

[[package]]
name = "godot-codegen"
version = "0.1.2"
source = "git+https://github.com/godot-rust/gdext?branch=master#62830ca6d1beea4a5bd1c90c1b33a7828fe089b7"
dependencies = [
 "godot-bindings",
 "heck",
 "nanoserde",
 "proc-macro2",
 "quote",
 "regex",
]

[[package]]
name = "godot-core"
version = "0.1.2"
source = "git+https://github.com/godot-rust/gdext?branch=master#62830ca6d1beea4a5bd1c90c1b33a7828fe089b7"
dependencies = [
 "glam",
 "godot-bindings",
 "godot-cell",
 "godot-codegen",
 "godot-ffi",
]

[[package]]
name = "godot-ffi"
version = "0.1.2"
source = "git+https://github.com/godot-rust/gdext?branch=master#62830ca6d1beea4a5bd1c90c1b33a7828fe089b7"
dependencies = [
 "gensym",
 "godot-bindings",
 "godot-codegen",
 "libc",
 "paste",
]

[[package]]
name = "godot-macros"
version = "0.1.2"
source = "git+https://github.com/godot-rust/gdext?branch=master#62830ca6d1beea4a5bd1c90c1b33a7828fe089b7"
dependencies = [
 "godot-bindings",
 "proc-macro2",
 "quote",
 "venial",
]

[[package]]
name = "heck"
version = "0.4.1"
source = "registry+https://github.com/rust-lang/crates.io-index"
checksum = "95505c38b4572b2d910cecb0281560f54b440a19336cbbcb27bf6ce6adc6f5a8"

[[package]]
name = "libc"
version = "0.2.155"
source = "registry+https://github.com/rust-lang/crates.io-index"
checksum = "97b3888a4aecf77e811145cadf6eef5901f4782c53886191b2f693f24761847c"

[[package]]
name = "memchr"
version = "2.7.4"
source = "registry+https://github.com/rust-lang/crates.io-index"
checksum = "78ca9ab1a0babb1e7d5695e3530886289c18cf2f87ec19a575a0abdce112e3a3"

[[package]]
name = "nanoserde"
version = "0.1.37"
source = "registry+https://github.com/rust-lang/crates.io-index"
checksum = "5de9cf844ab1e25a0353525bd74cb889843a6215fa4a0d156fd446f4857a1b99"
dependencies = [
 "nanoserde-derive",
]

[[package]]
name = "nanoserde-derive"
version = "0.1.22"
source = "registry+https://github.com/rust-lang/crates.io-index"
checksum = "e943b2c21337b7e3ec6678500687cdc741b7639ad457f234693352075c082204"

[[package]]
name = "paste"
version = "1.0.15"
source = "registry+https://github.com/rust-lang/crates.io-index"
checksum = "57c0d7b74b563b49d38dae00a0c37d4d6de9b432382b2892f0574ddcae73fd0a"

[[package]]
name = "ppv-lite86"
version = "0.2.17"
source = "registry+https://github.com/rust-lang/crates.io-index"
checksum = "5b40af805b3121feab8a3c29f04d8ad262fa8e0561883e7653e024ae4479e6de"

[[package]]
name = "proc-macro2"
version = "1.0.86"
source = "registry+https://github.com/rust-lang/crates.io-index"
checksum = "5e719e8df665df0d1c8fbfd238015744736151d4445ec0836b8e628aae103b77"
dependencies = [
 "unicode-ident",
]

[[package]]
name = "quote"
version = "1.0.36"
source = "registry+https://github.com/rust-lang/crates.io-index"
checksum = "0fa76aaf39101c457836aec0ce2316dbdc3ab723cdda1c6bd4e6ad4208acaca7"
dependencies = [
 "proc-macro2",
]

[[package]]
name = "rand"
version = "0.9.0-alpha.1"
source = "registry+https://github.com/rust-lang/crates.io-index"
checksum = "8d31e63ea85be51c423e52ba8f2e68a3efd53eed30203ee029dd09947333693e"
dependencies = [
 "rand_chacha",
 "rand_core",
 "zerocopy",
]

[[package]]
name = "rand_chacha"
version = "0.9.0-alpha.1"
source = "registry+https://github.com/rust-lang/crates.io-index"
checksum = "78674ef918c19451dbd250f8201f8619b494f64c9aa6f3adb28fd8a0f1f6da46"
dependencies = [
 "ppv-lite86",
 "rand_core",
]

[[package]]
name = "rand_core"
version = "0.9.0-alpha.1"
source = "registry+https://github.com/rust-lang/crates.io-index"
checksum = "cc89dffba8377c5ec847d12bb41492bda235dba31a25e8b695cd0fe6589eb8c9"
dependencies = [
 "getrandom",
 "zerocopy",
]

[[package]]
name = "regex"
version = "1.10.5"
source = "registry+https://github.com/rust-lang/crates.io-index"
checksum = "b91213439dad192326a0d7c6ee3955910425f441d7038e0d6933b0aec5c4517f"
dependencies = [
 "aho-corasick",
 "memchr",
 "regex-automata",
 "regex-syntax",
]

[[package]]
name = "regex-automata"
version = "0.4.7"
source = "registry+https://github.com/rust-lang/crates.io-index"
checksum = "38caf58cc5ef2fed281f89292ef23f6365465ed9a41b7a7754eb4e26496c92df"
dependencies = [
 "aho-corasick",
 "memchr",
 "regex-syntax",
]

[[package]]
name = "regex-syntax"
version = "0.8.4"
source = "registry+https://github.com/rust-lang/crates.io-index"
checksum = "7a66a03ae7c801facd77a29370b4faec201768915ac14a721ba36f20bc9c209b"

[[package]]
name = "syn"
version = "2.0.71"
source = "registry+https://github.com/rust-lang/crates.io-index"
checksum = "b146dcf730474b4bcd16c311627b31ede9ab149045db4d6088b3becaea046462"
dependencies = [
 "proc-macro2",
 "quote",
 "unicode-ident",
]

[[package]]
name = "tetris-plus-plus"
version = "0.1.0"
dependencies = [
 "godot",
 "rand",
]

[[package]]
name = "unicode-ident"
version = "1.0.12"
source = "registry+https://github.com/rust-lang/crates.io-index"
checksum = "3354b9ac3fae1ff6755cb6db53683adb661634f67557942dea4facebec0fee4b"

[[package]]
name = "uuid"
version = "1.10.0"
source = "registry+https://github.com/rust-lang/crates.io-index"
checksum = "81dfa00651efa65069b0b6b651f4aaa31ba9e3c3ce0137aaad053604ee7e0314"
dependencies = [
 "getrandom",
]

[[package]]
name = "venial"
version = "0.6.0"
source = "registry+https://github.com/rust-lang/crates.io-index"
checksum = "6816bc32f30bf8dd1b3adb04de8406c7bf187d2f923bd9e4c0b99365d012613f"
dependencies = [
 "proc-macro2",
 "quote",
]

[[package]]
name = "wasi"
version = "0.11.0+wasi-snapshot-preview1"
source = "registry+https://github.com/rust-lang/crates.io-index"
checksum = "9c8d87e72b64a3b4db28d11ce29237c246188f4f51057d65a7eab63b7987e423"

[[package]]
name = "zerocopy"
version = "0.8.0-alpha.6"
source = "registry+https://github.com/rust-lang/crates.io-index"
checksum = "db678a6ee512bd06adf35c35be471cae2f9c82a5aed2b5d15e03628c98bddd57"
dependencies = [
 "zerocopy-derive",
]

[[package]]
name = "zerocopy-derive"
version = "0.8.0-alpha.6"
source = "registry+https://github.com/rust-lang/crates.io-index"
checksum = "201585ea96d37ee69f2ac769925ca57160cef31acb137c16f38b02b76f4c1e62"
dependencies = [
 "proc-macro2",
 "quote",
 "syn",
]
